
Microsoft Visual Studio Solution File, Format Version 12.00
# Visual Studio Version 17
VisualStudioVersion = 17.9.34622.214
MinimumVisualStudioVersion = 10.0.40219.1
Project("{FAE04EC0-301F-11D3-BF4B-00C04F79EFBC}") = "CryplexAdmin", "CryplexAdmin.csproj", "{18FCB039-1969-4552-B505-16E0385EA910}"
EndProject
Global
	GlobalSection(SolutionConfigurationPlatforms) = preSolution
		Debug|Any CPU = Debug|Any CPU
		Release|Any CPU = Release|Any CPU
	EndGlobalSection
	GlobalSection(ProjectConfigurationPlatforms) = postSolution
		{18FCB039-1969-4552-B505-16E0385EA910}.Debug|Any CPU.ActiveCfg = Debug|Any CPU
		{18FCB039-1969-4552-B505-16E0385EA910}.Debug|Any CPU.Build.0 = Debug|Any CPU
		{18FCB039-1969-4552-B505-16E0385EA910}.Release|Any CPU.ActiveCfg = Release|Any CPU
		{18FCB039-1969-4552-B505-16E0385EA910}.Release|Any CPU.Build.0 = Release|Any CPU
	EndGlobalSection
	GlobalSection(SolutionProperties) = preSolution
		HideSolutionNode = FALSE
	EndGlobalSection
	GlobalSection(ExtensibilityGlobals) = postSolution
		SolutionGuid = {F07EFADD-C6EC-4DB3-8729-886B8B8FFDE4}
	EndGlobalSection
EndGlobal
